{
  "name": "opcua-bacnet-gateway",
  "lockfileVersion": 3,
  "requires": true,
  "packages": {
    "": {
      "dependencies": {
        "@bacnet-js/device": "^0.8.0",
        "bacnet-device": "^0.0.4",
        "node-bacnet": "^0.2.4"
      }
    },
    "node_modules/@bacnet-js/client": {
      "version": "3.3.2",
      "resolved": "https://registry.npmjs.org/@bacnet-js/client/-/client-3.3.2.tgz",
      "integrity": "sha512-hzMQg/4WthSwXpMQrJTIgf/SYk3fpDeJjrU4eyEzsZ48vyzWalKfGkAPsaOa8YI+Ni3dL2WjSQJpvVOg2+voFg==",
      "license": "MIT",
      "dependencies": {
        "debug": "^4.3.4",
        "iconv-lite": "^0.6.3"
      },
      "engines": {
        "node": ">= 20"
      }
    },
    "node_modules/@bacnet-js/client/node_modules/iconv-lite": {
      "version": "0.6.3",
      "resolved": "https://registry.npmjs.org/iconv-lite/-/iconv-lite-0.6.3.tgz",
      "integrity": "sha512-4fCk79wshMdzMp2rH06qWrJE4iolqLhCUH+OiuIgU++RB0+94NlDL81atO7GX55uUKueo0txHNtvEyI6D7WdMw==",
      "license": "MIT",
      "dependencies": {
        "safer-buffer": ">= 2.1.2 < 3.0.0"
      },
      "engines": {
        "node": ">=0.10.0"
      }
    },
    "node_modules/@bacnet-js/device": {
      "version": "0.8.0",
      "resolved": "https://registry.npmjs.org/@bacnet-js/device/-/device-0.8.0.tgz",
      "integrity": "sha512-RIrtb5Klla0rZalw9buUQ40u9iE5swW2J1Ob3zL369QoqHDdmluDHrWkM9K6yiTir1s9AHM97VtGx6h5bJWb5Q==",
      "license": "MIT",
      "dependencies": {
        "@bacnet-js/client": "^3.3.2",
        "debug": "^4.4.3",
        "fastq": "^1.20.1"
      }
    },
    "node_modules/@innovation-system/node-bacnet": {
      "version": "2.1.3",
      "resolved": "https://registry.npmjs.org/@innovation-system/node-bacnet/-/node-bacnet-2.1.3.tgz",
      "integrity": "sha512-BEZFSdF5ydJcFUEqiBkNxu2WVCKobFVubJzEqo1P9K+QFZvueywpTuzpjlaQX+yVCsRnsN5QynuKoUCA15ryCQ==",
      "deprecated": "This package has been renamed to @bacnet-js/client",
      "license": "MIT",
      "dependencies": {
        "debug": "^4.3.4",
        "iconv-lite": "^0.6.3"
      },
      "engines": {
        "node": ">= 20"
      }
    },
    "node_modules/@innovation-system/node-bacnet/node_modules/iconv-lite": {
      "version": "0.6.3",
      "resolved": "https://registry.npmjs.org/iconv-lite/-/iconv-lite-0.6.3.tgz",
      "integrity": "sha512-4fCk79wshMdzMp2rH06qWrJE4iolqLhCUH+OiuIgU++RB0+94NlDL81atO7GX55uUKueo0txHNtvEyI6D7WdMw==",
      "license": "MIT",
      "dependencies": {
        "safer-buffer": ">= 2.1.2 < 3.0.0"
      },
      "engines": {
        "node": ">=0.10.0"
      }
    },
    "node_modules/bacnet-device": {
      "version": "0.0.4",
      "resolved": "https://registry.npmjs.org/bacnet-device/-/bacnet-device-0.0.4.tgz",
      "integrity": "sha512-JOkqnrYvG7yHdobAn3yiIO+0bphKKwCsaKjQvN3nHbF1GSTX+VlCFEE08RKkCgOobTh/qgkYuVSk7UJu8OUaeQ==",
      "deprecated": "This package has moved to @bacnet-js/device. Please update your dependencies.",
      "license": "MIT",
      "dependencies": {
        "@innovation-system/node-bacnet": "^2.1.3",
        "debug": "^4.4.1",
        "fastq": "^1.19.1"
      }
    },
    "node_modules/debug": {
      "version": "4.4.3",
      "resolved": "https://registry.npmjs.org/debug/-/debug-4.4.3.tgz",
      "integrity": "sha512-RGwwWnwQvkVfavKVt22FGLw+xYSdzARwm0ru6DhTVA3umU5hZc28V3kO4stgYryrTlLpuvgI9GiijltAjNbcqA==",
      "license": "MIT",
      "dependencies": {
        "ms": "^2.1.3"
      },
      "engines": {
        "node": ">=6.0"
      },
      "peerDependenciesMeta": {
        "supports-color": {
          "optional": true
        }
      }
    },
    "node_modules/fastq": {
      "version": "1.20.3",
      "resolved": "https://registry.npmjs.org/fastq/-/fastq-1.20.3.tgz",
      "integrity": "sha512-XKv5nnLs6nLF71NgiKJLIZFLkPyIEuOselLG7ujZnGrRfQK8HpvY+WqKhAJUAdLomwVHErVS4LfxFlPq0/FTAw==",
      "license": "ISC",
      "dependencies": {
        "reusify": "^1.0.4"
      }
    },
    "node_modules/iconv-lite": {
      "version": "0.5.2",
      "resolved": "https://registry.npmjs.org/iconv-lite/-/iconv-lite-0.5.2.tgz",
      "integrity": "sha512-kERHXvpSaB4aU3eANwidg79K8FlrN77m8G9V+0vOR3HYaRifrlwMEpT7ZBJqLSEIHnEgJTHcWK82wwLwwKwtag==",
      "license": "MIT",
      "dependencies": {
        "safer-buffer": ">= 2.1.2 < 3"
      },
      "engines": {
        "node": ">=0.10.0"
      }
    },
    "node_modules/ms": {
      "version": "2.1.3",
      "resolved": "https://registry.npmjs.org/ms/-/ms-2.1.3.tgz",
      "integrity": "sha512-6FlzubTLZG3J2a/NVCAleEhjzq5oxgHyaCU9yYXvcLsvoVaHJq/s5xXI6/XXP6tz7R9xAOtHnSO/tXtF3WRTlA==",
      "license": "MIT"
    },
    "node_modules/node-bacnet": {
      "version": "0.2.4",
      "resolved": "https://registry.npmjs.org/node-bacnet/-/node-bacnet-0.2.4.tgz",
      "integrity": "sha512-Ni8BQzOYmB6kJSbp0GVkRKmlJAkQaVGoZMBJVMOKF17GxWrAo+eVozEDBvGZLkiV5/CbuTaCy/pKqBFITcowGQ==",
      "license": "MIT",
      "dependencies": {
        "debug": "^4.1.1",
        "iconv-lite": "^0.5.1",
        "underscore": "^1.10.2"
      },
      "engines": {
        "node": ">= 10"
      }
    },
    "node_modules/reusify": {
      "version": "1.1.0",
      "resolved": "https://registry.npmjs.org/reusify/-/reusify-1.1.0.tgz",
      "integrity": "sha512-g6QUff04oZpHs0eG5p83rFLhHeV00ug/Yf9nZM6fLeUrPguBTkTQOdpAWWspMh55TZfVQDPaN3NQJfbVRAxdIw==",
      "license": "MIT",
      "engines": {
        "iojs": ">=1.0.0",
        "node": ">=0.10.0"
      }
    },
    "node_modules/safer-buffer": {
      "version": "2.1.2",
      "resolved": "https://registry.npmjs.org/safer-buffer/-/safer-buffer-2.1.2.tgz",
      "integrity": "sha512-YZo3K82SD7Riyi0E1EQPojLz7kpepnSQI9IyPbHHg1XXXevb5dJI7tpyN2ADxGcQbHG7vcyRHk0cbwqcQriUtg==",
      "license": "MIT"
    },
    "node_modules/underscore": {
      "version": "1.13.8",
      "resolved": "https://registry.npmjs.org/underscore/-/underscore-1.13.8.tgz",
      "integrity": "sha512-DXtD3ZtEQzc7M8m4cXotyHR+FAS18C64asBYY5vqZexfYryNNnDc02W4hKg3rdQuqOYas1jkseX0+nZXjTXnvQ==",
      "license": "MIT"
    }
  }
}
